{
  "requires": true,
  "lockfileVersion": 1,
  "dependencies": {
    "sass": {
      "version": "1.2.1",
      "resolved": "https://registry.npmjs.org/sass/-/sass-1.2.1.tgz",
      "integrity": "sha512-y1dN4TSLSlvKNvwdxLD6gH7T5yQc59CLtwD4+Tv0IYS964KWBAqb4/EQH6usyzko8jnKdJgYlM5uVghBOwP9bA=="
    }
  }
}
